
Microsoft Visual Studio Solution File, Format Version 12.00
# Visual Studio Version 16
VisualStudioVersion = 16.0.30204.135
MinimumVisualStudioVersion = 10.0.40219.1
Project("{FAE04EC0-301F-11D3-BF4B-00C04F79EFBC}") = "Test-PipelineArmTemplates.Web", "Test-PipelineArmTemplates.Web\Test-PipelineArmTemplates.Web.csproj", "{680A70CB-2875-4349-8AA8-1C5C77B6E82E}"
EndProject
Global
	GlobalSection(SolutionConfigurationPlatforms) = preSolution
		Debug|Any CPU = Debug|Any CPU
		Release|Any CPU = Release|Any CPU
	EndGlobalSection
	GlobalSection(ProjectConfigurationPlatforms) = postSolution
		{680A70CB-2875-4349-8AA8-1C5C77B6E82E}.Debug|Any CPU.ActiveCfg = Debug|Any CPU
		{680A70CB-2875-4349-8AA8-1C5C77B6E82E}.Debug|Any CPU.Build.0 = Debug|Any CPU
		{680A70CB-2875-4349-8AA8-1C5C77B6E82E}.Release|Any CPU.ActiveCfg = Release|Any CPU
		{680A70CB-2875-4349-8AA8-1C5C77B6E82E}.Release|Any CPU.Build.0 = Release|Any CPU
	EndGlobalSection
	GlobalSection(SolutionProperties) = preSolution
		HideSolutionNode = FALSE
	EndGlobalSection
	GlobalSection(ExtensibilityGlobals) = postSolution
		SolutionGuid = {F80D62A9-FDD6-465F-A5B6-258219040538}
	EndGlobalSection
EndGlobal
